
Microsoft Visual Studio Solution File, Format Version 12.00
# Visual Studio Version 17
VisualStudioVersion = 17.7.34024.191
MinimumVisualStudioVersion = 10.0.40219.1
Project("{FAE04EC0-301F-11D3-BF4B-00C04F79EFBC}") = "LoadTesting", "LoadTesting\LoadTesting.csproj", "{C6F09492-1307-4257-A1E4-F3439CAB07DB}"
EndProject
Global
	GlobalSection(SolutionConfigurationPlatforms) = preSolution
		Debug|Any CPU = Debug|Any CPU
		DefaultBuild|Any CPU = DefaultBuild|Any CPU
		Release|Any CPU = Release|Any CPU
	EndGlobalSection
	GlobalSection(ProjectConfigurationPlatforms) = postSolution
		{C6F09492-1307-4257-A1E4-F3439CAB07DB}.Debug|Any CPU.ActiveCfg = Debug|Any CPU
		{C6F09492-1307-4257-A1E4-F3439CAB07DB}.Debug|Any CPU.Build.0 = Debug|Any CPU
		{C6F09492-1307-4257-A1E4-F3439CAB07DB}.DefaultBuild|Any CPU.ActiveCfg = Debug|Any CPU
		{C6F09492-1307-4257-A1E4-F3439CAB07DB}.DefaultBuild|Any CPU.Build.0 = Debug|Any CPU
		{C6F09492-1307-4257-A1E4-F3439CAB07DB}.Release|Any CPU.ActiveCfg = Release|Any CPU
		{C6F09492-1307-4257-A1E4-F3439CAB07DB}.Release|Any CPU.Build.0 = Release|Any CPU
	EndGlobalSection
	GlobalSection(SolutionProperties) = preSolution
		HideSolutionNode = FALSE
	EndGlobalSection
	GlobalSection(ExtensibilityGlobals) = postSolution
		SolutionGuid = {C93A4975-533D-4042-9958-FDBD8A6FC9C1}
	EndGlobalSection
EndGlobal
