
Microsoft Visual Studio Solution File, Format Version 12.00
# Visual Studio Version 17
VisualStudioVersion = 17.7.34024.191
MinimumVisualStudioVersion = 10.0.40219.1
Project("{FAE04EC0-301F-11D3-BF4B-00C04F79EFBC}") = "LoadTestingApp", "LoadTestingApp\LoadTestingApp.csproj", "{C6F09492-1307-4257-A1E4-F3439CAB07DB}"
EndProject
Project("{840C416C-B8F3-42BC-B0DD-F6BB14C9F8CB}") = "Load Testing App Setup", "Load Testing App Setup\Load Testing App Setup.aiproj", "{72E80212-9B65-4875-ACD8-BB477FC5ADA8}"
EndProject
Project("{54435603-DBB4-11D2-8724-00A0C9A8B90C}") = "LoadTestingAppSetup", "LoadTestingAppSetup\LoadTestingAppSetup.vdproj", "{76AC86CD-8AE7-4C83-ACE3-0D30FD5E8062}"
EndProject
Global
	GlobalSection(SolutionConfigurationPlatforms) = preSolution
		Debug|Any CPU = Debug|Any CPU
		DefaultBuild|Any CPU = DefaultBuild|Any CPU
		Release|Any CPU = Release|Any CPU
	EndGlobalSection
	GlobalSection(ProjectConfigurationPlatforms) = postSolution
		{C6F09492-1307-4257-A1E4-F3439CAB07DB}.Debug|Any CPU.ActiveCfg = Debug|Any CPU
		{C6F09492-1307-4257-A1E4-F3439CAB07DB}.Debug|Any CPU.Build.0 = Debug|Any CPU
		{C6F09492-1307-4257-A1E4-F3439CAB07DB}.DefaultBuild|Any CPU.ActiveCfg = Debug|Any CPU
		{C6F09492-1307-4257-A1E4-F3439CAB07DB}.DefaultBuild|Any CPU.Build.0 = Debug|Any CPU
		{C6F09492-1307-4257-A1E4-F3439CAB07DB}.Release|Any CPU.ActiveCfg = Release|Any CPU
		{C6F09492-1307-4257-A1E4-F3439CAB07DB}.Release|Any CPU.Build.0 = Release|Any CPU
		{72E80212-9B65-4875-ACD8-BB477FC5ADA8}.Debug|Any CPU.ActiveCfg = DefaultBuild
		{72E80212-9B65-4875-ACD8-BB477FC5ADA8}.Debug|Any CPU.Build.0 = DefaultBuild
		{72E80212-9B65-4875-ACD8-BB477FC5ADA8}.DefaultBuild|Any CPU.ActiveCfg = DefaultBuild
		{72E80212-9B65-4875-ACD8-BB477FC5ADA8}.DefaultBuild|Any CPU.Build.0 = DefaultBuild
		{72E80212-9B65-4875-ACD8-BB477FC5ADA8}.Release|Any CPU.ActiveCfg = DefaultBuild
		{72E80212-9B65-4875-ACD8-BB477FC5ADA8}.Release|Any CPU.Build.0 = DefaultBuild
		{76AC86CD-8AE7-4C83-ACE3-0D30FD5E8062}.Debug|Any CPU.ActiveCfg = Debug
		{76AC86CD-8AE7-4C83-ACE3-0D30FD5E8062}.DefaultBuild|Any CPU.ActiveCfg = Debug
		{76AC86CD-8AE7-4C83-ACE3-0D30FD5E8062}.Release|Any CPU.ActiveCfg = Release
	EndGlobalSection
	GlobalSection(SolutionProperties) = preSolution
		HideSolutionNode = FALSE
	EndGlobalSection
	GlobalSection(ExtensibilityGlobals) = postSolution
		SolutionGuid = {C93A4975-533D-4042-9958-FDBD8A6FC9C1}
	EndGlobalSection
EndGlobal
